
Microsoft Visual Studio Solution File, Format Version 12.00
# Visual Studio 15
VisualStudioVersion = 15.0.27004.2002
MinimumVisualStudioVersion = 10.0.40219.1
Project("{9A19103F-16F7-4668-BE54-9A1E7A4F7556}") = "Madera.Api", "Madera.Api\Madera.Api.csproj", "{0C3FC2D8-4C4D-47C8-B556-C959C5146E90}"
EndProject
Project("{9A19103F-16F7-4668-BE54-9A1E7A4F7556}") = "Madera.Model", "Madera.Model\Madera.Model.csproj", "{F6627AB8-F8BC-4DBE-9E94-F638E6288C8B}"
EndProject
Global
	GlobalSection(SolutionConfigurationPlatforms) = preSolution
		Debug|Any CPU = Debug|Any CPU
		Release|Any CPU = Release|Any CPU
	EndGlobalSection
	GlobalSection(ProjectConfigurationPlatforms) = postSolution
		{0C3FC2D8-4C4D-47C8-B556-C959C5146E90}.Debug|Any CPU.ActiveCfg = Debug|Any CPU
		{0C3FC2D8-4C4D-47C8-B556-C959C5146E90}.Debug|Any CPU.Build.0 = Debug|Any CPU
		{0C3FC2D8-4C4D-47C8-B556-C959C5146E90}.Release|Any CPU.ActiveCfg = Release|Any CPU
		{0C3FC2D8-4C4D-47C8-B556-C959C5146E90}.Release|Any CPU.Build.0 = Release|Any CPU
		{F6627AB8-F8BC-4DBE-9E94-F638E6288C8B}.Debug|Any CPU.ActiveCfg = Debug|Any CPU
		{F6627AB8-F8BC-4DBE-9E94-F638E6288C8B}.Debug|Any CPU.Build.0 = Debug|Any CPU
		{F6627AB8-F8BC-4DBE-9E94-F638E6288C8B}.Release|Any CPU.ActiveCfg = Release|Any CPU
		{F6627AB8-F8BC-4DBE-9E94-F638E6288C8B}.Release|Any CPU.Build.0 = Release|Any CPU
	EndGlobalSection
	GlobalSection(SolutionProperties) = preSolution
		HideSolutionNode = FALSE
	EndGlobalSection
	GlobalSection(ExtensibilityGlobals) = postSolution
		SolutionGuid = {FBF2BA88-238A-4B24-9E52-869D22876046}
	EndGlobalSection
EndGlobal
